{
  "name": "COA",
  "lockfileVersion": 3,
  "requires": true,
  "packages": {
    "": {
      "dependencies": {
        "@coalescesoftware/coa-next": "^7.32.0-alpha.61.hdc6241a036d5"
      }
    },
    "node_modules/@coalescesoftware/coa-next": {
      "version": "7.32.0-alpha.61.hdc6241a036d5",
      "resolved": "https://registry.npmjs.org/@coalescesoftware/coa-next/-/coa-next-7.32.0-alpha.61.hdc6241a036d5.tgz",
      "integrity": "sha512-Ps9FJlhH8K9zWg6TykBH2sO38qeqZlD4FvAcaiPHinMfvYvl8/2DYkpC5ayl+gE1D/zxqtbfhByAm3AyM9q0PA==",
      "license": "ISC",
      "bin": {
        "coa-next": "coa.js"
      }
    }
  }
}
