{
  "name": "COA",
  "lockfileVersion": 3,
  "requires": true,
  "packages": {
    "": {
      "dependencies": {
        "@coalescesoftware/coa-next": "^7.32.0-alpha.61.hdc6241a036d5"
      }
    },
    "node_modules/@coalescesoftware/coa-next": {
      "version": "7.32.0-alpha.112.h15c94533bcfb",
      "resolved": "https://registry.npmjs.org/@coalescesoftware/coa-next/-/coa-next-7.32.0-alpha.112.h15c94533bcfb.tgz",
      "integrity": "sha512-fJgj3iM9W9r+f9pUksA56KiPToYRFHwuew9yZ8/N2VW9YKgJIqCCfS24LC3fEaX3B99K2XwJh5w76j2AW5lP8Q==",
      "license": "ISC",
      "bin": {
        "coa-next": "coa.js"
      }
    }
  }
}
